// !$*UTF8*$!
{
	archiveVersion = 1;
	classes = {
	};
	objectVersion = 56;
	objects = {

/* Begin PBXBuildFile section */
		147BE4122C41A683007C6629 /* SearchFlickrImagesApp.swift in Sources */ = {isa = PBXBuildFile; fileRef = 147BE4112C41A683007C6629 /* SearchFlickrImagesApp.swift */; };
		147BE4162C41A685007C6629 /* Assets.xcassets in Resources */ = {isa = PBXBuildFile; fileRef = 147BE4152C41A685007C6629 /* Assets.xcassets */; };
		147BE4192C41A685007C6629 /* Preview Assets.xcassets in Resources */ = {isa = PBXBuildFile; fileRef = 147BE4182C41A685007C6629 /* Preview Assets.xcassets */; };
		147BE42D2C41A686007C6629 /* SearchFlickrImagesUITests.swift in Sources */ = {isa = PBXBuildFile; fileRef = 147BE42C2C41A686007C6629 /* SearchFlickrImagesUITests.swift */; };
		147BE4422C41A6E2007C6629 /* MockEnvironmentEndPoints.swift in Sources */ = {isa = PBXBuildFile; fileRef = 147BE43B2C41A6E2007C6629 /* MockEnvironmentEndPoints.swift */; };
		147BE4432C41A6E2007C6629 /* MockSession.swift in Sources */ = {isa = PBXBuildFile; fileRef = 147BE43C2C41A6E2007C6629 /* MockSession.swift */; };
		147BE4442C41A6E2007C6629 /* NetworkServiceTests.swift in Sources */ = {isa = PBXBuildFile; fileRef = 147BE43E2C41A6E2007C6629 /* NetworkServiceTests.swift */; };
		147BE4452C41A6E2007C6629 /* FlickrSampleResponse.json in Resources */ = {isa = PBXBuildFile; fileRef = 147BE43F2C41A6E2007C6629 /* FlickrSampleResponse.json */; };
		147BE45A2C41A882007C6629 /* RoundedEdgeModifier.swift in Sources */ = {isa = PBXBuildFile; fileRef = 147BE4472C41A881007C6629 /* RoundedEdgeModifier.swift */; };
		147BE45B2C41A882007C6629 /* ContentView.swift in Sources */ = {isa = PBXBuildFile; fileRef = 147BE4492C41A881007C6629 /* ContentView.swift */; };
		147BE45C2C41A882007C6629 /* DetailView.swift in Sources */ = {isa = PBXBuildFile; fileRef = 147BE44A2C41A881007C6629 /* DetailView.swift */; };
		147BE45D2C41A882007C6629 /* FlickrGridView.swift in Sources */ = {isa = PBXBuildFile; fileRef = 147BE44B2C41A881007C6629 /* FlickrGridView.swift */; };
		147BE45E2C41A882007C6629 /* SearchBar.swift in Sources */ = {isa = PBXBuildFile; fileRef = 147BE44C2C41A881007C6629 /* SearchBar.swift */; };
		147BE45F2C41A882007C6629 /* Environment.swift in Sources */ = {isa = PBXBuildFile; fileRef = 147BE44E2C41A881007C6629 /* Environment.swift */; };
		147BE4602C41A882007C6629 /* NetworkError.swift in Sources */ = {isa = PBXBuildFile; fileRef = 147BE44F2C41A881007C6629 /* NetworkError.swift */; };
		147BE4612C41A882007C6629 /* NetworkService.swift in Sources */ = {isa = PBXBuildFile; fileRef = 147BE4502C41A881007C6629 /* NetworkService.swift */; };
		147BE4622C41A882007C6629 /* Session.swift in Sources */ = {isa = PBXBuildFile; fileRef = 147BE4512C41A881007C6629 /* Session.swift */; };
		147BE4632C41A882007C6629 /* String+Extensions.swift in Sources */ = {isa = PBXBuildFile; fileRef = 147BE4532C41A881007C6629 /* String+Extensions.swift */; };
		147BE4652C41A882007C6629 /* FlickrImage.swift in Sources */ = {isa = PBXBuildFile; fileRef = 147BE4562C41A881007C6629 /* FlickrImage.swift */; };
		147BE4662C41A882007C6629 /* FlickrSearchViewModel.swift in Sources */ = {isa = PBXBuildFile; fileRef = 147BE4582C41A882007C6629 /* FlickrSearchViewModel.swift */; };
/* End PBXBuildFile section */

/* Begin PBXContainerItemProxy section */
		147BE41F2C41A686007C6629 /* PBXContainerItemProxy */ = {
			isa = PBXContainerItemProxy;
			containerPortal = 147BE4062C41A682007C6629 /* Project object */;
			proxyType = 1;
			remoteGlobalIDString = 147BE40D2C41A682007C6629;
			remoteInfo = SearchFlickrImages;
		};
		147BE4292C41A686007C6629 /* PBXContainerItemProxy */ = {
			isa = PBXContainerItemProxy;
			containerPortal = 147BE4062C41A682007C6629 /* Project object */;
			proxyType = 1;
			remoteGlobalIDString = 147BE40D2C41A682007C6629;
			remoteInfo = SearchFlickrImages;
		};
/* End PBXContainerItemProxy section */

/* Begin PBXFileReference section */
		147BE40E2C41A682007C6629 /* SearchFlickrImages.app */ = {isa = PBXFileReference; explicitFileType = wrapper.application; includeInIndex = 0; path = SearchFlickrImages.app; sourceTree = BUILT_PRODUCTS_DIR; };
		147BE4112C41A683007C6629 /* SearchFlickrImagesApp.swift */ = {isa = PBXFileReference; lastKnownFileType = sourcecode.swift; path = SearchFlickrImagesApp.swift; sourceTree = "<group>"; };
		147BE4152C41A685007C6629 /* Assets.xcassets */ = {isa = PBXFileReference; lastKnownFileType = folder.assetcatalog; path = Assets.xcassets; sourceTree = "<group>"; };
		147BE4182C41A685007C6629 /* Preview Assets.xcassets */ = {isa = PBXFileReference; lastKnownFileType = folder.assetcatalog; path = "Preview Assets.xcassets"; sourceTree = "<group>"; };
		147BE41E2C41A686007C6629 /* SearchFlickrImagesTests.xctest */ = {isa = PBXFileReference; explicitFileType = wrapper.cfbundle; includeInIndex = 0; path = SearchFlickrImagesTests.xctest; sourceTree = BUILT_PRODUCTS_DIR; };
		147BE4282C41A686007C6629 /* SearchFlickrImagesUITests.xctest */ = {isa = PBXFileReference; explicitFileType = wrapper.cfbundle; includeInIndex = 0; path = SearchFlickrImagesUITests.xctest; sourceTree = BUILT_PRODUCTS_DIR; };
		147BE42C2C41A686007C6629 /* SearchFlickrImagesUITests.swift */ = {isa = PBXFileReference; lastKnownFileType = sourcecode.swift; path = SearchFlickrImagesUITests.swift; sourceTree = "<group>"; };
		147BE43B2C41A6E2007C6629 /* MockEnvironmentEndPoints.swift */ = {isa = PBXFileReference; fileEncoding = 4; lastKnownFileType = sourcecode.swift; path = MockEnvironmentEndPoints.swift; sourceTree = "<group>"; };
		147BE43C2C41A6E2007C6629 /* MockSession.swift */ = {isa = PBXFileReference; fileEncoding = 4; lastKnownFileType = sourcecode.swift; path = MockSession.swift; sourceTree = "<group>"; };
		147BE43E2C41A6E2007C6629 /* NetworkServiceTests.swift */ = {isa = PBXFileReference; fileEncoding = 4; lastKnownFileType = sourcecode.swift; path = NetworkServiceTests.swift; sourceTree = "<group>"; };
		147BE43F2C41A6E2007C6629 /* FlickrSampleResponse.json */ = {isa = PBXFileReference; fileEncoding = 4; lastKnownFileType = text.json; path = FlickrSampleResponse.json; sourceTree = "<group>"; };
		147BE4472C41A881007C6629 /* RoundedEdgeModifier.swift */ = {isa = PBXFileReference; fileEncoding = 4; lastKnownFileType = sourcecode.swift; path = RoundedEdgeModifier.swift; sourceTree = "<group>"; };
		147BE4492C41A881007C6629 /* ContentView.swift */ = {isa = PBXFileReference; fileEncoding = 4; lastKnownFileType = sourcecode.swift; path = ContentView.swift; sourceTree = "<group>"; };
		147BE44A2C41A881007C6629 /* DetailView.swift */ = {isa = PBXFileReference; fileEncoding = 4; lastKnownFileType = sourcecode.swift; path = DetailView.swift; sourceTree = "<group>"; };
		147BE44B2C41A881007C6629 /* FlickrGridView.swift */ = {isa = PBXFileReference; fileEncoding = 4; lastKnownFileType = sourcecode.swift; path = FlickrGridView.swift; sourceTree = "<group>"; };
		147BE44C2C41A881007C6629 /* SearchBar.swift */ = {isa = PBXFileReference; fileEncoding = 4; lastKnownFileType = sourcecode.swift; path = SearchBar.swift; sourceTree = "<group>"; };
		147BE44E2C41A881007C6629 /* Environment.swift */ = {isa = PBXFileReference; fileEncoding = 4; lastKnownFileType = sourcecode.swift; path = Environment.swift; sourceTree = "<group>"; };
		147BE44F2C41A881007C6629 /* NetworkError.swift */ = {isa = PBXFileReference; fileEncoding = 4; lastKnownFileType = sourcecode.swift; path = NetworkError.swift; sourceTree = "<group>"; };
		147BE4502C41A881007C6629 /* NetworkService.swift */ = {isa = PBXFileReference; fileEncoding = 4; lastKnownFileType = sourcecode.swift; path = NetworkService.swift; sourceTree = "<group>"; };
		147BE4512C41A881007C6629 /* Session.swift */ = {isa = PBXFileReference; fileEncoding = 4; lastKnownFileType = sourcecode.swift; path = Session.swift; sourceTree = "<group>"; };
		147BE4532C41A881007C6629 /* String+Extensions.swift */ = {isa = PBXFileReference; fileEncoding = 4; lastKnownFileType = sourcecode.swift; path = "String+Extensions.swift"; sourceTree = "<group>"; };
		147BE4562C41A881007C6629 /* FlickrImage.swift */ = {isa = PBXFileReference; fileEncoding = 4; lastKnownFileType = sourcecode.swift; path = FlickrImage.swift; sourceTree = "<group>"; };
		147BE4582C41A882007C6629 /* FlickrSearchViewModel.swift */ = {isa = PBXFileReference; fileEncoding = 4; lastKnownFileType = sourcecode.swift; path = FlickrSearchViewModel.swift; sourceTree = "<group>"; };
/* End PBXFileReference section */

/* Begin PBXFrameworksBuildPhase section */
		147BE40B2C41A682007C6629 /* Frameworks */ = {
			isa = PBXFrameworksBuildPhase;
			buildActionMask = 2147483647;
			files = (
			);
			runOnlyForDeploymentPostprocessing = 0;
		};
		147BE41B2C41A686007C6629 /* Frameworks */ = {
			isa = PBXFrameworksBuildPhase;
			buildActionMask = 2147483647;
			files = (
			);
			runOnlyForDeploymentPostprocessing = 0;
		};
		147BE4252C41A686007C6629 /* Frameworks */ = {
			isa = PBXFrameworksBuildPhase;
			buildActionMask = 2147483647;
			files = (
			);
			runOnlyForDeploymentPostprocessing = 0;
		};
/* End PBXFrameworksBuildPhase section */

/* Begin PBXGroup section */
		147BE4052C41A682007C6629 = {
			isa = PBXGroup;
			children = (
				147BE4102C41A682007C6629 /* SearchFlickrImages */,
				147BE42B2C41A686007C6629 /* SearchFlickrImagesUITests */,
				147BE40F2C41A682007C6629 /* Products */,
			);
			sourceTree = "<group>";
		};
		147BE40F2C41A682007C6629 /* Products */ = {
			isa = PBXGroup;
			children = (
				147BE40E2C41A682007C6629 /* SearchFlickrImages.app */,
				147BE41E2C41A686007C6629 /* SearchFlickrImagesTests.xctest */,
				147BE4282C41A686007C6629 /* SearchFlickrImagesUITests.xctest */,
			);
			name = Products;
			sourceTree = "<group>";
		};
		147BE4102C41A682007C6629 /* SearchFlickrImages */ = {
			isa = PBXGroup;
			children = (
				147BE4572C41A881007C6629 /* Models */,
				147BE4522C41A881007C6629 /* Services */,
				147BE4542C41A881007C6629 /* Utilities */,
				147BE4592C41A882007C6629 /* ViewModels */,
				147BE44D2C41A881007C6629 /* Views */,
				147BE4152C41A685007C6629 /* Assets.xcassets */,
				147BE4172C41A685007C6629 /* Preview Content */,
			);
			path = SearchFlickrImages;
			sourceTree = "<group>";
		};
		147BE4172C41A685007C6629 /* Preview Content */ = {
			isa = PBXGroup;
			children = (
				147BE4182C41A685007C6629 /* Preview Assets.xcassets */,
			);
			path = "Preview Content";
			sourceTree = "<group>";
		};
		147BE42B2C41A686007C6629 /* SearchFlickrImagesUITests */ = {
			isa = PBXGroup;
			children = (
				147BE43D2C41A6E2007C6629 /* Mocks */,
				147BE43E2C41A6E2007C6629 /* NetworkServiceTests.swift */,
				147BE4402C41A6E2007C6629 /* Stubs */,
			);
			path = SearchFlickrImagesUITests;
			sourceTree = "<group>";
		};
		147BE43D2C41A6E2007C6629 /* Mocks */ = {
			isa = PBXGroup;
			children = (
				147BE43B2C41A6E2007C6629 /* MockEnvironmentEndPoints.swift */,
				147BE43C2C41A6E2007C6629 /* MockSession.swift */,
				147BE42C2C41A686007C6629 /* SearchFlickrImagesUITests.swift */,
			);
			path = Mocks;
			sourceTree = "<group>";
		};
		147BE4402C41A6E2007C6629 /* Stubs */ = {
			isa = PBXGroup;
			children = (
				147BE43F2C41A6E2007C6629 /* FlickrSampleResponse.json */,
			);
			path = Stubs;
			sourceTree = "<group>";
		};
		147BE4482C41A881007C6629 /* ViewModifiers */ = {
			isa = PBXGroup;
			children = (
				147BE4472C41A881007C6629 /* RoundedEdgeModifier.swift */,
			);
			path = ViewModifiers;
			sourceTree = "<group>";
		};
		147BE44D2C41A881007C6629 /* Views */ = {
			isa = PBXGroup;
			children = (
				147BE4482C41A881007C6629 /* ViewModifiers */,
				147BE4492C41A881007C6629 /* ContentView.swift */,
				147BE44A2C41A881007C6629 /* DetailView.swift */,
				147BE44B2C41A881007C6629 /* FlickrGridView.swift */,
				147BE44C2C41A881007C6629 /* SearchBar.swift */,
				147BE4112C41A683007C6629 /* SearchFlickrImagesApp.swift */,
			);
			path = Views;
			sourceTree = "<group>";
		};
		147BE4522C41A881007C6629 /* Services */ = {
			isa = PBXGroup;
			children = (
				147BE44E2C41A881007C6629 /* Environment.swift */,
				147BE44F2C41A881007C6629 /* NetworkError.swift */,
				147BE4502C41A881007C6629 /* NetworkService.swift */,
				147BE4512C41A881007C6629 /* Session.swift */,
			);
			path = Services;
			sourceTree = "<group>";
		};
		147BE4542C41A881007C6629 /* Utilities */ = {
			isa = PBXGroup;
			children = (
				147BE4532C41A881007C6629 /* String+Extensions.swift */,
			);
			path = Utilities;
			sourceTree = "<group>";
		};
		147BE4572C41A881007C6629 /* Models */ = {
			isa = PBXGroup;
			children = (
				147BE4562C41A881007C6629 /* FlickrImage.swift */,
			);
			path = Models;
			sourceTree = "<group>";
		};
		147BE4592C41A882007C6629 /* ViewModels */ = {
			isa = PBXGroup;
			children = (
				147BE4582C41A882007C6629 /* FlickrSearchViewModel.swift */,
			);
			path = ViewModels;
			sourceTree = "<group>";
		};
/* End PBXGroup section */

/* Begin PBXNativeTarget section */
		147BE40D2C41A682007C6629 /* SearchFlickrImages */ = {
			isa = PBXNativeTarget;
			buildConfigurationList = 147BE4322C41A686007C6629 /* Build configuration list for PBXNativeTarget "SearchFlickrImages" */;
			buildPhases = (
				147BE40A2C41A682007C6629 /* Sources */,
				147BE40B2C41A682007C6629 /* Frameworks */,
				147BE40C2C41A682007C6629 /* Resources */,
			);
			buildRules = (
			);
			dependencies = (
			);
			name = SearchFlickrImages;
			productName = SearchFlickrImages;
			productReference = 147BE40E2C41A682007C6629 /* SearchFlickrImages.app */;
			productType = "com.apple.product-type.application";
		};
		147BE41D2C41A686007C6629 /* SearchFlickrImagesTests */ = {
			isa = PBXNativeTarget;
			buildConfigurationList = 147BE4352C41A686007C6629 /* Build configuration list for PBXNativeTarget "SearchFlickrImagesTests" */;
			buildPhases = (
				147BE41A2C41A686007C6629 /* Sources */,
				147BE41B2C41A686007C6629 /* Frameworks */,
				147BE41C2C41A686007C6629 /* Resources */,
			);
			buildRules = (
			);
			dependencies = (
				147BE4202C41A686007C6629 /* PBXTargetDependency */,
			);
			name = SearchFlickrImagesTests;
			productName = SearchFlickrImagesTests;
			productReference = 147BE41E2C41A686007C6629 /* SearchFlickrImagesTests.xctest */;
			productType = "com.apple.product-type.bundle.unit-test";
		};
		147BE4272C41A686007C6629 /* SearchFlickrImagesUITests */ = {
			isa = PBXNativeTarget;
			buildConfigurationList = 147BE4382C41A686007C6629 /* Build configuration list for PBXNativeTarget "SearchFlickrImagesUITests" */;
			buildPhases = (
				147BE4242C41A686007C6629 /* Sources */,
				147BE4252C41A686007C6629 /* Frameworks */,
				147BE4262C41A686007C6629 /* Resources */,
			);
			buildRules = (
			);
			dependencies = (
				147BE42A2C41A686007C6629 /* PBXTargetDependency */,
			);
			name = SearchFlickrImagesUITests;
			productName = SearchFlickrImagesUITests;
			productReference = 147BE4282C41A686007C6629 /* SearchFlickrImagesUITests.xctest */;
			productType = "com.apple.product-type.bundle.ui-testing";
		};
/* End PBXNativeTarget section */

/* Begin PBXProject section */
		147BE4062C41A682007C6629 /* Project object */ = {
			isa = PBXProject;
			attributes = {
				BuildIndependentTargetsInParallel = 1;
				LastSwiftUpdateCheck = 1540;
				LastUpgradeCheck = 1540;
				TargetAttributes = {
					147BE40D2C41A682007C6629 = {
						CreatedOnToolsVersion = 15.4;
					};
					147BE41D2C41A686007C6629 = {
						CreatedOnToolsVersion = 15.4;
						TestTargetID = 147BE40D2C41A682007C6629;
					};
					147BE4272C41A686007C6629 = {
						CreatedOnToolsVersion = 15.4;
						TestTargetID = 147BE40D2C41A682007C6629;
					};
				};
			};
			buildConfigurationList = 147BE4092C41A682007C6629 /* Build configuration list for PBXProject "SearchFlickrImages" */;
			compatibilityVersion = "Xcode 14.0";
			developmentRegion = en;
			hasScannedForEncodings = 0;
			knownRegions = (
				en,
				Base,
			);
			mainGroup = 147BE4052C41A682007C6629;
			productRefGroup = 147BE40F2C41A682007C6629 /* Products */;
			projectDirPath = "";
			projectRoot = "";
			targets = (
				147BE40D2C41A682007C6629 /* SearchFlickrImages */,
				147BE41D2C41A686007C6629 /* SearchFlickrImagesTests */,
				147BE4272C41A686007C6629 /* SearchFlickrImagesUITests */,
			);
		};
/* End PBXProject section */

/* Begin PBXResourcesBuildPhase section */
		147BE40C2C41A682007C6629 /* Resources */ = {
			isa = PBXResourcesBuildPhase;
			buildActionMask = 2147483647;
			files = (
				147BE4192C41A685007C6629 /* Preview Assets.xcassets in Resources */,
				147BE4162C41A685007C6629 /* Assets.xcassets in Resources */,
			);
			runOnlyForDeploymentPostprocessing = 0;
		};
		147BE41C2C41A686007C6629 /* Resources */ = {
			isa = PBXResourcesBuildPhase;
			buildActionMask = 2147483647;
			files = (
			);
			runOnlyForDeploymentPostprocessing = 0;
		};
		147BE4262C41A686007C6629 /* Resources */ = {
			isa = PBXResourcesBuildPhase;
			buildActionMask = 2147483647;
			files = (
				147BE4452C41A6E2007C6629 /* FlickrSampleResponse.json in Resources */,
			);
			runOnlyForDeploymentPostprocessing = 0;
		};
/* End PBXResourcesBuildPhase section */

/* Begin PBXSourcesBuildPhase section */
		147BE40A2C41A682007C6629 /* Sources */ = {
			isa = PBXSourcesBuildPhase;
			buildActionMask = 2147483647;
			files = (
				147BE4652C41A882007C6629 /* FlickrImage.swift in Sources */,
				147BE4612C41A882007C6629 /* NetworkService.swift in Sources */,
				147BE45E2C41A882007C6629 /* SearchBar.swift in Sources */,
				147BE45F2C41A882007C6629 /* Environment.swift in Sources */,
				147BE4632C41A882007C6629 /* String+Extensions.swift in Sources */,
				147BE4122C41A683007C6629 /* SearchFlickrImagesApp.swift in Sources */,
				147BE4662C41A882007C6629 /* FlickrSearchViewModel.swift in Sources */,
				147BE45B2C41A882007C6629 /* ContentView.swift in Sources */,
				147BE45C2C41A882007C6629 /* DetailView.swift in Sources */,
				147BE4622C41A882007C6629 /* Session.swift in Sources */,
				147BE4602C41A882007C6629 /* NetworkError.swift in Sources */,
				147BE45A2C41A882007C6629 /* RoundedEdgeModifier.swift in Sources */,
				147BE45D2C41A882007C6629 /* FlickrGridView.swift in Sources */,
			);
			runOnlyForDeploymentPostprocessing = 0;
		};
		147BE41A2C41A686007C6629 /* Sources */ = {
			isa = PBXSourcesBuildPhase;
			buildActionMask = 2147483647;
			files = (
			);
			runOnlyForDeploymentPostprocessing = 0;
		};
		147BE4242C41A686007C6629 /* Sources */ = {
			isa = PBXSourcesBuildPhase;
			buildActionMask = 2147483647;
			files = (
				147BE4442C41A6E2007C6629 /* NetworkServiceTests.swift in Sources */,
				147BE4422C41A6E2007C6629 /* MockEnvironmentEndPoints.swift in Sources */,
				147BE42D2C41A686007C6629 /* SearchFlickrImagesUITests.swift in Sources */,
				147BE4432C41A6E2007C6629 /* MockSession.swift in Sources */,
			);
			runOnlyForDeploymentPostprocessing = 0;
		};
/* End PBXSourcesBuildPhase section */

/* Begin PBXTargetDependency section */
		147BE4202C41A686007C6629 /* PBXTargetDependency */ = {
			isa = PBXTargetDependency;
			target = 147BE40D2C41A682007C6629 /* SearchFlickrImages */;
			targetProxy = 147BE41F2C41A686007C6629 /* PBXContainerItemProxy */;
		};
		147BE42A2C41A686007C6629 /* PBXTargetDependency */ = {
			isa = PBXTargetDependency;
			target = 147BE40D2C41A682007C6629 /* SearchFlickrImages */;
			targetProxy = 147BE4292C41A686007C6629 /* PBXContainerItemProxy */;
		};
/* End PBXTargetDependency section */

/* Begin XCBuildConfiguration section */
		147BE4302C41A686007C6629 /* Debug */ = {
			isa = XCBuildConfiguration;
			buildSettings = {
				ALWAYS_SEARCH_USER_PATHS = NO;
				ASSETCATALOG_COMPILER_GENERATE_SWIFT_ASSET_SYMBOL_EXTENSIONS = YES;
				CLANG_ANALYZER_NONNULL = YES;
				CLANG_ANALYZER_NUMBER_OBJECT_CONVERSION = YES_AGGRESSIVE;
				CLANG_CXX_LANGUAGE_STANDARD = "gnu++20";
				CLANG_ENABLE_MODULES = YES;
				CLANG_ENABLE_OBJC_ARC = YES;
				CLANG_ENABLE_OBJC_WEAK = YES;
				CLANG_WARN_BLOCK_CAPTURE_AUTORELEASING = YES;
				CLANG_WARN_BOOL_CONVERSION = YES;
				CLANG_WARN_COMMA = YES;
				CLANG_WARN_CONSTANT_CONVERSION = YES;
				CLANG_WARN_DEPRECATED_OBJC_IMPLEMENTATIONS = YES;
				CLANG_WARN_DIRECT_OBJC_ISA_USAGE = YES_ERROR;
				CLANG_WARN_DOCUMENTATION_COMMENTS = YES;
				CLANG_WARN_EMPTY_BODY = YES;
				CLANG_WARN_ENUM_CONVERSION = YES;
				CLANG_WARN_INFINITE_RECURSION = YES;
				CLANG_WARN_INT_CONVERSION = YES;
				CLANG_WARN_NON_LITERAL_NULL_CONVERSION = YES;
				CLANG_WARN_OBJC_IMPLICIT_RETAIN_SELF = YES;
				CLANG_WARN_OBJC_LITERAL_CONVERSION = YES;
				CLANG_WARN_OBJC_ROOT_CLASS = YES_ERROR;
				CLANG_WARN_QUOTED_INCLUDE_IN_FRAMEWORK_HEADER = YES;
				CLANG_WARN_RANGE_LOOP_ANALYSIS = YES;
				CLANG_WARN_STRICT_PROTOTYPES = YES;
				CLANG_WARN_SUSPICIOUS_MOVE = YES;
				CLANG_WARN_UNGUARDED_AVAILABILITY = YES_AGGRESSIVE;
				CLANG_WARN_UNREACHABLE_CODE = YES;
				CLANG_WARN__DUPLICATE_METHOD_MATCH = YES;
				COPY_PHASE_STRIP = NO;
				DEBUG_INFORMATION_FORMAT = dwarf;
				ENABLE_STRICT_OBJC_MSGSEND = YES;
				ENABLE_TESTABILITY = YES;
				ENABLE_USER_SCRIPT_SANDBOXING = YES;
				GCC_C_LANGUAGE_STANDARD = gnu17;
				GCC_DYNAMIC_NO_PIC = NO;
				GCC_NO_COMMON_BLOCKS = YES;
				GCC_OPTIMIZATION_LEVEL = 0;
				GCC_PREPROCESSOR_DEFINITIONS = (
					"DEBUG=1",
					"$(inherited)",
				);
				GCC_WARN_64_TO_32_BIT_CONVERSION = YES;
				GCC_WARN_ABOUT_RETURN_TYPE = YES_ERROR;
				GCC_WARN_UNDECLARED_SELECTOR = YES;
				GCC_WARN_UNINITIALIZED_AUTOS = YES_AGGRESSIVE;
				GCC_WARN_UNUSED_FUNCTION = YES;
				GCC_WARN_UNUSED_VARIABLE = YES;
				IPHONEOS_DEPLOYMENT_TARGET = 17.5;
				LOCALIZATION_PREFERS_STRING_CATALOGS = YES;
				MTL_ENABLE_DEBUG_INFO = INCLUDE_SOURCE;
				MTL_FAST_MATH = YES;
				ONLY_ACTIVE_ARCH = YES;
				SDKROOT = iphoneos;
				SWIFT_ACTIVE_COMPILATION_CONDITIONS = "DEBUG $(inherited)";
				SWIFT_OPTIMIZATION_LEVEL = "-Onone";
			};
			name = Debug;
		};
		147BE4312C41A686007C6629 /* Release */ = {
			isa = XCBuildConfiguration;
			buildSettings = {
				ALWAYS_SEARCH_USER_PATHS = NO;
				ASSETCATALOG_COMPILER_GENERATE_SWIFT_ASSET_SYMBOL_EXTENSIONS = YES;
				CLANG_ANALYZER_NONNULL = YES;
				CLANG_ANALYZER_NUMBER_OBJECT_CONVERSION = YES_AGGRESSIVE;
				CLANG_CXX_LANGUAGE_STANDARD = "gnu++20";
				CLANG_ENABLE_MODULES = YES;
				CLANG_ENABLE_OBJC_ARC = YES;
				CLANG_ENABLE_OBJC_WEAK = YES;
				CLANG_WARN_BLOCK_CAPTURE_AUTORELEASING = YES;
				CLANG_WARN_BOOL_CONVERSION = YES;
				CLANG_WARN_COMMA = YES;
				CLANG_WARN_CONSTANT_CONVERSION = YES;
				CLANG_WARN_DEPRECATED_OBJC_IMPLEMENTATIONS = YES;
				CLANG_WARN_DIRECT_OBJC_ISA_USAGE = YES_ERROR;
				CLANG_WARN_DOCUMENTATION_COMMENTS = YES;
				CLANG_WARN_EMPTY_BODY = YES;
				CLANG_WARN_ENUM_CONVERSION = YES;
				CLANG_WARN_INFINITE_RECURSION = YES;
				CLANG_WARN_INT_CONVERSION = YES;
				CLANG_WARN_NON_LITERAL_NULL_CONVERSION = YES;
				CLANG_WARN_OBJC_IMPLICIT_RETAIN_SELF = YES;
				CLANG_WARN_OBJC_LITERAL_CONVERSION = YES;
				CLANG_WARN_OBJC_ROOT_CLASS = YES_ERROR;
				CLANG_WARN_QUOTED_INCLUDE_IN_FRAMEWORK_HEADER = YES;
				CLANG_WARN_RANGE_LOOP_ANALYSIS = YES;
				CLANG_WARN_STRICT_PROTOTYPES = YES;
				CLANG_WARN_SUSPICIOUS_MOVE = YES;
				CLANG_WARN_UNGUARDED_AVAILABILITY = YES_AGGRESSIVE;
				CLANG_WARN_UNREACHABLE_CODE = YES;
				CLANG_WARN__DUPLICATE_METHOD_MATCH = YES;
				COPY_PHASE_STRIP = NO;
				DEBUG_INFORMATION_FORMAT = "dwarf-with-dsym";
				ENABLE_NS_ASSERTIONS = NO;
				ENABLE_STRICT_OBJC_MSGSEND = YES;
				ENABLE_USER_SCRIPT_SANDBOXING = YES;
				GCC_C_LANGUAGE_STANDARD = gnu17;
				GCC_NO_COMMON_BLOCKS = YES;
				GCC_WARN_64_TO_32_BIT_CONVERSION = YES;
				GCC_WARN_ABOUT_RETURN_TYPE = YES_ERROR;
				GCC_WARN_UNDECLARED_SELECTOR = YES;
				GCC_WARN_UNINITIALIZED_AUTOS = YES_AGGRESSIVE;
				GCC_WARN_UNUSED_FUNCTION = YES;
				GCC_WARN_UNUSED_VARIABLE = YES;
				IPHONEOS_DEPLOYMENT_TARGET = 17.5;
				LOCALIZATION_PREFERS_STRING_CATALOGS = YES;
				MTL_ENABLE_DEBUG_INFO = NO;
				MTL_FAST_MATH = YES;
				SDKROOT = iphoneos;
				SWIFT_COMPILATION_MODE = wholemodule;
				VALIDATE_PRODUCT = YES;
			};
			name = Release;
		};
		147BE4332C41A686007C6629 /* Debug */ = {
			isa = XCBuildConfiguration;
			buildSettings = {
				ASSETCATALOG_COMPILER_APPICON_NAME = AppIcon;
				ASSETCATALOG_COMPILER_GLOBAL_ACCENT_COLOR_NAME = AccentColor;
				CODE_SIGN_STYLE = Automatic;
				CURRENT_PROJECT_VERSION = 1;
				DEVELOPMENT_ASSET_PATHS = "\"SearchFlickrImages/Preview Content\"";
				ENABLE_PREVIEWS = YES;
				GENERATE_INFOPLIST_FILE = YES;
				INFOPLIST_KEY_UIApplicationSceneManifest_Generation = YES;
				INFOPLIST_KEY_UIApplicationSupportsIndirectInputEvents = YES;
				INFOPLIST_KEY_UILaunchScreen_Generation = YES;
				INFOPLIST_KEY_UISupportedInterfaceOrientations_iPad = "UIInterfaceOrientationPortrait UIInterfaceOrientationPortraitUpsideDown UIInterfaceOrientationLandscapeLeft UIInterfaceOrientationLandscapeRight";
				INFOPLIST_KEY_UISupportedInterfaceOrientations_iPhone = "UIInterfaceOrientationPortrait UIInterfaceOrientationLandscapeLeft UIInterfaceOrientationLandscapeRight";
				LD_RUNPATH_SEARCH_PATHS = (
					"$(inherited)",
					"@executable_path/Frameworks",
				);
				MARKETING_VERSION = 1.0;
				PRODUCT_BUNDLE_IDENTIFIER = Rakesh.SearchFlickrImages;
				PRODUCT_NAME = "$(TARGET_NAME)";
				SWIFT_EMIT_LOC_STRINGS = YES;
				SWIFT_VERSION = 5.0;
				TARGETED_DEVICE_FAMILY = "1,2";
			};
			name = Debug;
		};
		147BE4342C41A686007C6629 /* Release */ = {
			isa = XCBuildConfiguration;
			buildSettings = {
				ASSETCATALOG_COMPILER_APPICON_NAME = AppIcon;
				ASSETCATALOG_COMPILER_GLOBAL_ACCENT_COLOR_NAME = AccentColor;
				CODE_SIGN_STYLE = Automatic;
				CURRENT_PROJECT_VERSION = 1;
				DEVELOPMENT_ASSET_PATHS = "\"SearchFlickrImages/Preview Content\"";
				ENABLE_PREVIEWS = YES;
				GENERATE_INFOPLIST_FILE = YES;
				INFOPLIST_KEY_UIApplicationSceneManifest_Generation = YES;
				INFOPLIST_KEY_UIApplicationSupportsIndirectInputEvents = YES;
				INFOPLIST_KEY_UILaunchScreen_Generation = YES;
				INFOPLIST_KEY_UISupportedInterfaceOrientations_iPad = "UIInterfaceOrientationPortrait UIInterfaceOrientationPortraitUpsideDown UIInterfaceOrientationLandscapeLeft UIInterfaceOrientationLandscapeRight";
				INFOPLIST_KEY_UISupportedInterfaceOrientations_iPhone = "UIInterfaceOrientationPortrait UIInterfaceOrientationLandscapeLeft UIInterfaceOrientationLandscapeRight";
				LD_RUNPATH_SEARCH_PATHS = (
					"$(inherited)",
					"@executable_path/Frameworks",
				);
				MARKETING_VERSION = 1.0;
				PRODUCT_BUNDLE_IDENTIFIER = Rakesh.SearchFlickrImages;
				PRODUCT_NAME = "$(TARGET_NAME)";
				SWIFT_EMIT_LOC_STRINGS = YES;
				SWIFT_VERSION = 5.0;
				TARGETED_DEVICE_FAMILY = "1,2";
			};
			name = Release;
		};
		147BE4362C41A686007C6629 /* Debug */ = {
			isa = XCBuildConfiguration;
			buildSettings = {
				ALWAYS_EMBED_SWIFT_STANDARD_LIBRARIES = YES;
				BUNDLE_LOADER = "$(TEST_HOST)";
				CODE_SIGN_STYLE = Automatic;
				CURRENT_PROJECT_VERSION = 1;
				GENERATE_INFOPLIST_FILE = YES;
				IPHONEOS_DEPLOYMENT_TARGET = 17.5;
				MARKETING_VERSION = 1.0;
				PRODUCT_BUNDLE_IDENTIFIER = Rakesh.SearchFlickrImagesTests;
				PRODUCT_NAME = "$(TARGET_NAME)";
				SWIFT_EMIT_LOC_STRINGS = NO;
				SWIFT_VERSION = 5.0;
				TARGETED_DEVICE_FAMILY = "1,2";
				TEST_HOST = "$(BUILT_PRODUCTS_DIR)/SearchFlickrImages.app/$(BUNDLE_EXECUTABLE_FOLDER_PATH)/SearchFlickrImages";
			};
			name = Debug;
		};
		147BE4372C41A686007C6629 /* Release */ = {
			isa = XCBuildConfiguration;
			buildSettings = {
				ALWAYS_EMBED_SWIFT_STANDARD_LIBRARIES = YES;
				BUNDLE_LOADER = "$(TEST_HOST)";
				CODE_SIGN_STYLE = Automatic;
				CURRENT_PROJECT_VERSION = 1;
				GENERATE_INFOPLIST_FILE = YES;
				IPHONEOS_DEPLOYMENT_TARGET = 17.5;
				MARKETING_VERSION = 1.0;
				PRODUCT_BUNDLE_IDENTIFIER = Rakesh.SearchFlickrImagesTests;
				PRODUCT_NAME = "$(TARGET_NAME)";
				SWIFT_EMIT_LOC_STRINGS = NO;
				SWIFT_VERSION = 5.0;
				TARGETED_DEVICE_FAMILY = "1,2";
				TEST_HOST = "$(BUILT_PRODUCTS_DIR)/SearchFlickrImages.app/$(BUNDLE_EXECUTABLE_FOLDER_PATH)/SearchFlickrImages";
			};
			name = Release;
		};
		147BE4392C41A686007C6629 /* Debug */ = {
			isa = XCBuildConfiguration;
			buildSettings = {
				ALWAYS_EMBED_SWIFT_STANDARD_LIBRARIES = YES;
				CODE_SIGN_STYLE = Automatic;
				CURRENT_PROJECT_VERSION = 1;
				GENERATE_INFOPLIST_FILE = YES;
				MARKETING_VERSION = 1.0;
				PRODUCT_BUNDLE_IDENTIFIER = Rakesh.SearchFlickrImagesUITests;
				PRODUCT_NAME = "$(TARGET_NAME)";
				SWIFT_EMIT_LOC_STRINGS = NO;
				SWIFT_VERSION = 5.0;
				TARGETED_DEVICE_FAMILY = "1,2";
				TEST_TARGET_NAME = SearchFlickrImages;
			};
			name = Debug;
		};
		147BE43A2C41A686007C6629 /* Release */ = {
			isa = XCBuildConfiguration;
			buildSettings = {
				ALWAYS_EMBED_SWIFT_STANDARD_LIBRARIES = YES;
				CODE_SIGN_STYLE = Automatic;
				CURRENT_PROJECT_VERSION = 1;
				GENERATE_INFOPLIST_FILE = YES;
				MARKETING_VERSION = 1.0;
				PRODUCT_BUNDLE_IDENTIFIER = Rakesh.SearchFlickrImagesUITests;
				PRODUCT_NAME = "$(TARGET_NAME)";
				SWIFT_EMIT_LOC_STRINGS = NO;
				SWIFT_VERSION = 5.0;
				TARGETED_DEVICE_FAMILY = "1,2";
				TEST_TARGET_NAME = SearchFlickrImages;
			};
			name = Release;
		};
/* End XCBuildConfiguration section */

/* Begin XCConfigurationList section */
		147BE4092C41A682007C6629 /* Build configuration list for PBXProject "SearchFlickrImages" */ = {
			isa = XCConfigurationList;
			buildConfigurations = (
				147BE4302C41A686007C6629 /* Debug */,
				147BE4312C41A686007C6629 /* Release */,
			);
			defaultConfigurationIsVisible = 0;
			defaultConfigurationName = Release;
		};
		147BE4322C41A686007C6629 /* Build configuration list for PBXNativeTarget "SearchFlickrImages" */ = {
			isa = XCConfigurationList;
			buildConfigurations = (
				147BE4332C41A686007C6629 /* Debug */,
				147BE4342C41A686007C6629 /* Release */,
			);
			defaultConfigurationIsVisible = 0;
			defaultConfigurationName = Release;
		};
		147BE4352C41A686007C6629 /* Build configuration list for PBXNativeTarget "SearchFlickrImagesTests" */ = {
			isa = XCConfigurationList;
			buildConfigurations = (
				147BE4362C41A686007C6629 /* Debug */,
				147BE4372C41A686007C6629 /* Release */,
			);
			defaultConfigurationIsVisible = 0;
			defaultConfigurationName = Release;
		};
		147BE4382C41A686007C6629 /* Build configuration list for PBXNativeTarget "SearchFlickrImagesUITests" */ = {
			isa = XCConfigurationList;
			buildConfigurations = (
				147BE4392C41A686007C6629 /* Debug */,
				147BE43A2C41A686007C6629 /* Release */,
			);
			defaultConfigurationIsVisible = 0;
			defaultConfigurationName = Release;
		};
/* End XCConfigurationList section */
	};
	rootObject = 147BE4062C41A682007C6629 /* Project object */;
}
